
Microsoft Visual Studio Solution File, Format Version 12.00
# Visual Studio Version 17
VisualStudioVersion = 17.3.32819.101
MinimumVisualStudioVersion = 10.0.40219.1
Project("{9A19103F-16F7-4668-BE54-9A1E7A4F7556}") = "Lambda.Api", "Lambda.Api\Lambda.Api.csproj", "{4FF87F1F-6A0C-47B6-8DC4-8B3BD247D3A2}"
EndProject
Project("{9A19103F-16F7-4668-BE54-9A1E7A4F7556}") = "Lambda.Api.Tests", "Lambda.Api.Tests\Lambda.Api.Tests.csproj", "{2EAE6583-255B-4A1B-9763-BAE353B3771D}"
EndProject
Global
	GlobalSection(SolutionConfigurationPlatforms) = preSolution
		Debug|Any CPU = Debug|Any CPU
		Release|Any CPU = Release|Any CPU
	EndGlobalSection
	GlobalSection(ProjectConfigurationPlatforms) = postSolution
		{4FF87F1F-6A0C-47B6-8DC4-8B3BD247D3A2}.Debug|Any CPU.ActiveCfg = Debug|Any CPU
		{4FF87F1F-6A0C-47B6-8DC4-8B3BD247D3A2}.Debug|Any CPU.Build.0 = Debug|Any CPU
		{4FF87F1F-6A0C-47B6-8DC4-8B3BD247D3A2}.Release|Any CPU.ActiveCfg = Release|Any CPU
		{4FF87F1F-6A0C-47B6-8DC4-8B3BD247D3A2}.Release|Any CPU.Build.0 = Release|Any CPU
		{2EAE6583-255B-4A1B-9763-BAE353B3771D}.Debug|Any CPU.ActiveCfg = Debug|Any CPU
		{2EAE6583-255B-4A1B-9763-BAE353B3771D}.Debug|Any CPU.Build.0 = Debug|Any CPU
		{2EAE6583-255B-4A1B-9763-BAE353B3771D}.Release|Any CPU.ActiveCfg = Release|Any CPU
		{2EAE6583-255B-4A1B-9763-BAE353B3771D}.Release|Any CPU.Build.0 = Release|Any CPU
	EndGlobalSection
	GlobalSection(SolutionProperties) = preSolution
		HideSolutionNode = FALSE
	EndGlobalSection
	GlobalSection(ExtensibilityGlobals) = postSolution
		SolutionGuid = {3093D99B-AFF7-4353-A27D-280AA5EB9DF4}
	EndGlobalSection
EndGlobal
